
Microsoft Visual Studio Solution File, Format Version 12.00
# Visual Studio Version 17
VisualStudioVersion = 17.5.002.0
MinimumVisualStudioVersion = 10.0.40219.1
Project("{2150E333-8FDC-42A3-9474-1A3956D46DE8}") = "src", "src", "{CC9E959A-9D14-47F9-A0F6-0D99E801D2E5}"
EndProject
Project("{FAE04EC0-301F-11D3-BF4B-00C04F79EFBC}") = "radar-discussions-csharp", "src\radar-discussions\radar-discussions-csharp.csproj", "{07F6D7E8-94D7-4FE7-9385-916A93FECF49}"
EndProject
Global
	GlobalSection(SolutionConfigurationPlatforms) = preSolution
		Debug|Any CPU = Debug|Any CPU
		Release|Any CPU = Release|Any CPU
	EndGlobalSection
	GlobalSection(ProjectConfigurationPlatforms) = postSolution
		{07F6D7E8-94D7-4FE7-9385-916A93FECF49}.Debug|Any CPU.ActiveCfg = Debug|Any CPU
		{07F6D7E8-94D7-4FE7-9385-916A93FECF49}.Debug|Any CPU.Build.0 = Debug|Any CPU
		{07F6D7E8-94D7-4FE7-9385-916A93FECF49}.Release|Any CPU.ActiveCfg = Release|Any CPU
		{07F6D7E8-94D7-4FE7-9385-916A93FECF49}.Release|Any CPU.Build.0 = Release|Any CPU
	EndGlobalSection
	GlobalSection(SolutionProperties) = preSolution
		HideSolutionNode = FALSE
	EndGlobalSection
	GlobalSection(ExtensibilityGlobals) = postSolution
		SolutionGuid = {FAE5CA2C-2034-4233-8B56-3E69FEE4FE72}
	EndGlobalSection
	GlobalSection(NestedProjects) = preSolution
		{07F6D7E8-94D7-4FE7-9385-916A93FECF49} = {CC9E959A-9D14-47F9-A0F6-0D99E801D2E5}
	EndGlobalSection
EndGlobal
